// !$*UTF8*$!
{
	archiveVersion = 1;
	classes = {
	};
	objectVersion = 70;
	objects = {

/* Begin PBXBuildFile section */
		841D33092C92BD8600DC42EC /* EditProfileView.swift in Sources */ = {isa = PBXBuildFile; fileRef = 841D33082C92BD8600DC42EC /* EditProfileView.swift */; };
		841D330B2C92BD9300DC42EC /* ChangePasswordView.swift in Sources */ = {isa = PBXBuildFile; fileRef = 841D330A2C92BD9300DC42EC /* ChangePasswordView.swift */; };
		841D330E2C94486B00DC42EC /* LoginService.swift in Sources */ = {isa = PBXBuildFile; fileRef = 841D330D2C94486B00DC42EC /* LoginService.swift */; };
		841D33102C94499000DC42EC /* LoginBody.swift in Sources */ = {isa = PBXBuildFile; fileRef = 841D330F2C94499000DC42EC /* LoginBody.swift */; };
		841D33142C944C3F00DC42EC /* LoginViewModel.swift in Sources */ = {isa = PBXBuildFile; fileRef = 841D33132C944C3F00DC42EC /* LoginViewModel.swift */; };
		841D33162C9805DD00DC42EC /* SignupBody.swift in Sources */ = {isa = PBXBuildFile; fileRef = 841D33152C9805DC00DC42EC /* SignupBody.swift */; };
		84A5AD022C900B46006BB3E8 /* ActivitiesModel.swift in Sources */ = {isa = PBXBuildFile; fileRef = 84A5AD012C900B46006BB3E8 /* ActivitiesModel.swift */; };
		84A5AD052C900CF4006BB3E8 /* Color+Extension.swift in Sources */ = {isa = PBXBuildFile; fileRef = 84A5AD042C900CF4006BB3E8 /* Color+Extension.swift */; };
		84A5AD082C9016C1006BB3E8 /* String+Extension.swift in Sources */ = {isa = PBXBuildFile; fileRef = 84A5AD072C9016C1006BB3E8 /* String+Extension.swift */; };
		84A5AD0A2C901982006BB3E8 /* SegmentModel.swift in Sources */ = {isa = PBXBuildFile; fileRef = 84A5AD092C901982006BB3E8 /* SegmentModel.swift */; };
		84A5AD0F2C904A78006BB3E8 /* LoginView.swift in Sources */ = {isa = PBXBuildFile; fileRef = 84A5AD0E2C904A78006BB3E8 /* LoginView.swift */; };
		84A5AD122C904BCA006BB3E8 /* YTextField.swift in Sources */ = {isa = PBXBuildFile; fileRef = 84A5AD112C904BCA006BB3E8 /* YTextField.swift */; };
		84A5AD142C904C51006BB3E8 /* YSecureField.swift in Sources */ = {isa = PBXBuildFile; fileRef = 84A5AD132C904C51006BB3E8 /* YSecureField.swift */; };
		84A5AD162C904C75006BB3E8 /* SubmitButton.swift in Sources */ = {isa = PBXBuildFile; fileRef = 84A5AD152C904C75006BB3E8 /* SubmitButton.swift */; };
		84A5AD192C904CC6006BB3E8 /* ScrollableModifiers.swift in Sources */ = {isa = PBXBuildFile; fileRef = 84A5AD182C904CC6006BB3E8 /* ScrollableModifiers.swift */; };
		84A5AD1B2C904CF5006BB3E8 /* Scrollable+Extension.swift in Sources */ = {isa = PBXBuildFile; fileRef = 84A5AD1A2C904CF5006BB3E8 /* Scrollable+Extension.swift */; };
		84A5AD1D2C905407006BB3E8 /* SignupView.swift in Sources */ = {isa = PBXBuildFile; fileRef = 84A5AD1C2C905407006BB3E8 /* SignupView.swift */; };
		84A5AD1F2C905E37006BB3E8 /* SlideMenuOptionModel.swift in Sources */ = {isa = PBXBuildFile; fileRef = 84A5AD1E2C905E37006BB3E8 /* SlideMenuOptionModel.swift */; };
		84A5AD212C905E68006BB3E8 /* ContentView.swift in Sources */ = {isa = PBXBuildFile; fileRef = 84A5AD202C905E68006BB3E8 /* ContentView.swift */; };
		84A5AD242C905EB2006BB3E8 /* SlideMenuView.swift in Sources */ = {isa = PBXBuildFile; fileRef = 84A5AD232C905EB2006BB3E8 /* SlideMenuView.swift */; };
		84A5AD262C905ECD006BB3E8 /* SlideMenuRawValue.swift in Sources */ = {isa = PBXBuildFile; fileRef = 84A5AD252C905ECD006BB3E8 /* SlideMenuRawValue.swift */; };
		84A5AD282C90649C006BB3E8 /* CreateTaskView.swift in Sources */ = {isa = PBXBuildFile; fileRef = 84A5AD272C90649C006BB3E8 /* CreateTaskView.swift */; };
		84A5AD2A2C9064D8006BB3E8 /* EditTaskView.swift in Sources */ = {isa = PBXBuildFile; fileRef = 84A5AD292C9064D8006BB3E8 /* EditTaskView.swift */; };
		84A5AD2C2C9064E7006BB3E8 /* ProfileView.swift in Sources */ = {isa = PBXBuildFile; fileRef = 84A5AD2B2C9064E7006BB3E8 /* ProfileView.swift */; };
		84B1B16A2C82EF560051CB1D /* PieChartApp.swift in Sources */ = {isa = PBXBuildFile; fileRef = 84B1B1692C82EF560051CB1D /* PieChartApp.swift */; };
		84B1B16C2C82EF560051CB1D /* MainView.swift in Sources */ = {isa = PBXBuildFile; fileRef = 84B1B16B2C82EF560051CB1D /* MainView.swift */; };
		84B1B16E2C82EF570051CB1D /* Assets.xcassets in Resources */ = {isa = PBXBuildFile; fileRef = 84B1B16D2C82EF570051CB1D /* Assets.xcassets */; };
		84B1B1712C82EF570051CB1D /* Preview Assets.xcassets in Resources */ = {isa = PBXBuildFile; fileRef = 84B1B1702C82EF570051CB1D /* Preview Assets.xcassets */; };
/* End PBXBuildFile section */

/* Begin PBXFileReference section */
		841D33082C92BD8600DC42EC /* EditProfileView.swift */ = {isa = PBXFileReference; lastKnownFileType = sourcecode.swift; path = EditProfileView.swift; sourceTree = "<group>"; };
		841D330A2C92BD9300DC42EC /* ChangePasswordView.swift */ = {isa = PBXFileReference; lastKnownFileType = sourcecode.swift; path = ChangePasswordView.swift; sourceTree = "<group>"; };
		841D330D2C94486B00DC42EC /* LoginService.swift */ = {isa = PBXFileReference; lastKnownFileType = sourcecode.swift; path = LoginService.swift; sourceTree = "<group>"; };
		841D330F2C94499000DC42EC /* LoginBody.swift */ = {isa = PBXFileReference; lastKnownFileType = sourcecode.swift; path = LoginBody.swift; sourceTree = "<group>"; };
		841D33132C944C3F00DC42EC /* LoginViewModel.swift */ = {isa = PBXFileReference; lastKnownFileType = sourcecode.swift; path = LoginViewModel.swift; sourceTree = "<group>"; };
		841D33152C9805DC00DC42EC /* SignupBody.swift */ = {isa = PBXFileReference; lastKnownFileType = sourcecode.swift; path = SignupBody.swift; sourceTree = "<group>"; };
		84A5AD012C900B46006BB3E8 /* ActivitiesModel.swift */ = {isa = PBXFileReference; lastKnownFileType = sourcecode.swift; path = ActivitiesModel.swift; sourceTree = "<group>"; };
		84A5AD042C900CF4006BB3E8 /* Color+Extension.swift */ = {isa = PBXFileReference; lastKnownFileType = sourcecode.swift; path = "Color+Extension.swift"; sourceTree = "<group>"; };
		84A5AD072C9016C1006BB3E8 /* String+Extension.swift */ = {isa = PBXFileReference; lastKnownFileType = sourcecode.swift; path = "String+Extension.swift"; sourceTree = "<group>"; };
		84A5AD092C901982006BB3E8 /* SegmentModel.swift */ = {isa = PBXFileReference; lastKnownFileType = sourcecode.swift; path = SegmentModel.swift; sourceTree = "<group>"; };
		84A5AD0E2C904A78006BB3E8 /* LoginView.swift */ = {isa = PBXFileReference; lastKnownFileType = sourcecode.swift; path = LoginView.swift; sourceTree = "<group>"; };
		84A5AD112C904BCA006BB3E8 /* YTextField.swift */ = {isa = PBXFileReference; lastKnownFileType = sourcecode.swift; path = YTextField.swift; sourceTree = "<group>"; };
		84A5AD132C904C51006BB3E8 /* YSecureField.swift */ = {isa = PBXFileReference; lastKnownFileType = sourcecode.swift; path = YSecureField.swift; sourceTree = "<group>"; };
		84A5AD152C904C75006BB3E8 /* SubmitButton.swift */ = {isa = PBXFileReference; lastKnownFileType = sourcecode.swift; path = SubmitButton.swift; sourceTree = "<group>"; };
		84A5AD182C904CC6006BB3E8 /* ScrollableModifiers.swift */ = {isa = PBXFileReference; lastKnownFileType = sourcecode.swift; path = ScrollableModifiers.swift; sourceTree = "<group>"; };
		84A5AD1A2C904CF5006BB3E8 /* Scrollable+Extension.swift */ = {isa = PBXFileReference; lastKnownFileType = sourcecode.swift; path = "Scrollable+Extension.swift"; sourceTree = "<group>"; };
		84A5AD1C2C905407006BB3E8 /* SignupView.swift */ = {isa = PBXFileReference; lastKnownFileType = sourcecode.swift; path = SignupView.swift; sourceTree = "<group>"; };
		84A5AD1E2C905E37006BB3E8 /* SlideMenuOptionModel.swift */ = {isa = PBXFileReference; lastKnownFileType = sourcecode.swift; path = SlideMenuOptionModel.swift; sourceTree = "<group>"; };
		84A5AD202C905E68006BB3E8 /* ContentView.swift */ = {isa = PBXFileReference; lastKnownFileType = sourcecode.swift; path = ContentView.swift; sourceTree = "<group>"; };
		84A5AD232C905EB2006BB3E8 /* SlideMenuView.swift */ = {isa = PBXFileReference; lastKnownFileType = sourcecode.swift; path = SlideMenuView.swift; sourceTree = "<group>"; };
		84A5AD252C905ECD006BB3E8 /* SlideMenuRawValue.swift */ = {isa = PBXFileReference; lastKnownFileType = sourcecode.swift; path = SlideMenuRawValue.swift; sourceTree = "<group>"; };
		84A5AD272C90649C006BB3E8 /* CreateTaskView.swift */ = {isa = PBXFileReference; lastKnownFileType = sourcecode.swift; path = CreateTaskView.swift; sourceTree = "<group>"; };
		84A5AD292C9064D8006BB3E8 /* EditTaskView.swift */ = {isa = PBXFileReference; lastKnownFileType = sourcecode.swift; path = EditTaskView.swift; sourceTree = "<group>"; };
		84A5AD2B2C9064E7006BB3E8 /* ProfileView.swift */ = {isa = PBXFileReference; lastKnownFileType = sourcecode.swift; path = ProfileView.swift; sourceTree = "<group>"; };
		84B1B1662C82EF560051CB1D /* PieChart.app */ = {isa = PBXFileReference; explicitFileType = wrapper.application; includeInIndex = 0; path = PieChart.app; sourceTree = BUILT_PRODUCTS_DIR; };
		84B1B1692C82EF560051CB1D /* PieChartApp.swift */ = {isa = PBXFileReference; lastKnownFileType = sourcecode.swift; path = PieChartApp.swift; sourceTree = "<group>"; };
		84B1B16B2C82EF560051CB1D /* MainView.swift */ = {isa = PBXFileReference; lastKnownFileType = sourcecode.swift; path = MainView.swift; sourceTree = "<group>"; };
		84B1B16D2C82EF570051CB1D /* Assets.xcassets */ = {isa = PBXFileReference; lastKnownFileType = folder.assetcatalog; path = Assets.xcassets; sourceTree = "<group>"; };
		84B1B1702C82EF570051CB1D /* Preview Assets.xcassets */ = {isa = PBXFileReference; lastKnownFileType = folder.assetcatalog; path = "Preview Assets.xcassets"; sourceTree = "<group>"; };
/* End PBXFileReference section */

/* Begin PBXFileSystemSynchronizedRootGroup section */
		842C54DB2C9AFCB600794EBE /* Data */ = {isa = PBXFileSystemSynchronizedRootGroup; explicitFileTypes = {}; explicitFolders = (); path = Data; sourceTree = "<group>"; };
		842C54E42C9AFDD000794EBE /* Gateways */ = {isa = PBXFileSystemSynchronizedRootGroup; explicitFileTypes = {}; explicitFolders = (); path = Gateways; sourceTree = "<group>"; };
		842C54E52C9AFDD400794EBE /* UseCases */ = {isa = PBXFileSystemSynchronizedRootGroup; explicitFileTypes = {}; explicitFolders = (); path = UseCases; sourceTree = "<group>"; };
/* End PBXFileSystemSynchronizedRootGroup section */

/* Begin PBXFrameworksBuildPhase section */
		84B1B1632C82EF560051CB1D /* Frameworks */ = {
			isa = PBXFrameworksBuildPhase;
			buildActionMask = 2147483647;
			files = (
			);
			runOnlyForDeploymentPostprocessing = 0;
		};
/* End PBXFrameworksBuildPhase section */

/* Begin PBXGroup section */
		841D330C2C94485800DC42EC /* Authorization */ = {
			isa = PBXGroup;
			children = (
				841D330D2C94486B00DC42EC /* LoginService.swift */,
			);
			path = Authorization;
			sourceTree = "<group>";
		};
		841D33112C9449A300DC42EC /* NetworkResponces */ = {
			isa = PBXGroup;
			children = (
				841D330F2C94499000DC42EC /* LoginBody.swift */,
				841D33152C9805DC00DC42EC /* SignupBody.swift */,
			);
			path = NetworkResponces;
			sourceTree = "<group>";
		};
		841D33122C944B4D00DC42EC /* New Group */ = {
			isa = PBXGroup;
			children = (
			);
			path = "New Group";
			sourceTree = "<group>";
		};
		84A5ACFD2C900AF7006BB3E8 /* Views */ = {
			isa = PBXGroup;
			children = (
				84A5AD222C905EA0006BB3E8 /* SlideMenu */,
				84A5AD0B2C9049AE006BB3E8 /* Authorization */,
				84B1B16B2C82EF560051CB1D /* MainView.swift */,
				84A5AD2B2C9064E7006BB3E8 /* ProfileView.swift */,
				84A5AD292C9064D8006BB3E8 /* EditTaskView.swift */,
				84A5AD272C90649C006BB3E8 /* CreateTaskView.swift */,
				841D33082C92BD8600DC42EC /* EditProfileView.swift */,
				841D330A2C92BD9300DC42EC /* ChangePasswordView.swift */,
			);
			path = Views;
			sourceTree = "<group>";
		};
		84A5ACFE2C900AFE006BB3E8 /* Network */ = {
			isa = PBXGroup;
			children = (
				842C54E52C9AFDD400794EBE /* UseCases */,
				842C54E42C9AFDD000794EBE /* Gateways */,
				841D330C2C94485800DC42EC /* Authorization */,
			);
			path = Network;
			sourceTree = "<group>";
		};
		84A5ACFF2C900B0F006BB3E8 /* Models */ = {
			isa = PBXGroup;
			children = (
				841D33112C9449A300DC42EC /* NetworkResponces */,
				84A5AD012C900B46006BB3E8 /* ActivitiesModel.swift */,
				84A5AD092C901982006BB3E8 /* SegmentModel.swift */,
				84A5AD1E2C905E37006BB3E8 /* SlideMenuOptionModel.swift */,
			);
			path = Models;
			sourceTree = "<group>";
		};
		84A5AD002C900B14006BB3E8 /* ViewModels */ = {
			isa = PBXGroup;
			children = (
				841D33132C944C3F00DC42EC /* LoginViewModel.swift */,
			);
			path = ViewModels;
			sourceTree = "<group>";
		};
		84A5AD032C900CE4006BB3E8 /* Extensions */ = {
			isa = PBXGroup;
			children = (
				84A5AD042C900CF4006BB3E8 /* Color+Extension.swift */,
				84A5AD072C9016C1006BB3E8 /* String+Extension.swift */,
				84A5AD1A2C904CF5006BB3E8 /* Scrollable+Extension.swift */,
			);
			path = Extensions;
			sourceTree = "<group>";
		};
		84A5AD0B2C9049AE006BB3E8 /* Authorization */ = {
			isa = PBXGroup;
			children = (
				84A5AD0E2C904A78006BB3E8 /* LoginView.swift */,
				84A5AD1C2C905407006BB3E8 /* SignupView.swift */,
			);
			path = Authorization;
			sourceTree = "<group>";
		};
		84A5AD102C904BBF006BB3E8 /* Utilities */ = {
			isa = PBXGroup;
			children = (
				84A5AD112C904BCA006BB3E8 /* YTextField.swift */,
				84A5AD132C904C51006BB3E8 /* YSecureField.swift */,
				84A5AD152C904C75006BB3E8 /* SubmitButton.swift */,
			);
			path = Utilities;
			sourceTree = "<group>";
		};
		84A5AD172C904CAC006BB3E8 /* Modifiers */ = {
			isa = PBXGroup;
			children = (
				84A5AD182C904CC6006BB3E8 /* ScrollableModifiers.swift */,
			);
			path = Modifiers;
			sourceTree = "<group>";
		};
		84A5AD222C905EA0006BB3E8 /* SlideMenu */ = {
			isa = PBXGroup;
			children = (
				84A5AD202C905E68006BB3E8 /* ContentView.swift */,
				84A5AD232C905EB2006BB3E8 /* SlideMenuView.swift */,
				84A5AD252C905ECD006BB3E8 /* SlideMenuRawValue.swift */,
			);
			path = SlideMenu;
			sourceTree = "<group>";
		};
		84B1B15D2C82EF560051CB1D = {
			isa = PBXGroup;
			children = (
				84B1B1682C82EF560051CB1D /* PieChart */,
				84B1B1672C82EF560051CB1D /* Products */,
			);
			sourceTree = "<group>";
		};
		84B1B1672C82EF560051CB1D /* Products */ = {
			isa = PBXGroup;
			children = (
				84B1B1662C82EF560051CB1D /* PieChart.app */,
			);
			name = Products;
			sourceTree = "<group>";
		};
		84B1B1682C82EF560051CB1D /* PieChart */ = {
			isa = PBXGroup;
			children = (
				842C54DB2C9AFCB600794EBE /* Data */,
				841D33122C944B4D00DC42EC /* New Group */,
				84B1B1692C82EF560051CB1D /* PieChartApp.swift */,
				84A5AD172C904CAC006BB3E8 /* Modifiers */,
				84A5AD102C904BBF006BB3E8 /* Utilities */,
				84A5AD032C900CE4006BB3E8 /* Extensions */,
				84A5AD002C900B14006BB3E8 /* ViewModels */,
				84A5ACFF2C900B0F006BB3E8 /* Models */,
				84A5ACFE2C900AFE006BB3E8 /* Network */,
				84A5ACFD2C900AF7006BB3E8 /* Views */,
				84B1B16D2C82EF570051CB1D /* Assets.xcassets */,
				84B1B16F2C82EF570051CB1D /* Preview Content */,
			);
			path = PieChart;
			sourceTree = "<group>";
		};
		84B1B16F2C82EF570051CB1D /* Preview Content */ = {
			isa = PBXGroup;
			children = (
				84B1B1702C82EF570051CB1D /* Preview Assets.xcassets */,
			);
			path = "Preview Content";
			sourceTree = "<group>";
		};
/* End PBXGroup section */

/* Begin PBXNativeTarget section */
		84B1B1652C82EF560051CB1D /* PieChart */ = {
			isa = PBXNativeTarget;
			buildConfigurationList = 84B1B1742C82EF570051CB1D /* Build configuration list for PBXNativeTarget "PieChart" */;
			buildPhases = (
				84B1B1622C82EF560051CB1D /* Sources */,
				84B1B1632C82EF560051CB1D /* Frameworks */,
				84B1B1642C82EF560051CB1D /* Resources */,
			);
			buildRules = (
			);
			dependencies = (
			);
			fileSystemSynchronizedGroups = (
				842C54DB2C9AFCB600794EBE /* Data */,
				842C54E42C9AFDD000794EBE /* Gateways */,
				842C54E52C9AFDD400794EBE /* UseCases */,
			);
			name = PieChart;
			productName = PieChart;
			productReference = 84B1B1662C82EF560051CB1D /* PieChart.app */;
			productType = "com.apple.product-type.application";
		};
/* End PBXNativeTarget section */

/* Begin PBXProject section */
		84B1B15E2C82EF560051CB1D /* Project object */ = {
			isa = PBXProject;
			attributes = {
				BuildIndependentTargetsInParallel = 1;
				LastSwiftUpdateCheck = 1540;
				LastUpgradeCheck = 1540;
				TargetAttributes = {
					84B1B1652C82EF560051CB1D = {
						CreatedOnToolsVersion = 15.4;
					};
				};
			};
			buildConfigurationList = 84B1B1612C82EF560051CB1D /* Build configuration list for PBXProject "PieChart" */;
			compatibilityVersion = "Xcode 14.0";
			developmentRegion = en;
			hasScannedForEncodings = 0;
			knownRegions = (
				en,
				Base,
			);
			mainGroup = 84B1B15D2C82EF560051CB1D;
			productRefGroup = 84B1B1672C82EF560051CB1D /* Products */;
			projectDirPath = "";
			projectRoot = "";
			targets = (
				84B1B1652C82EF560051CB1D /* PieChart */,
			);
		};
/* End PBXProject section */

/* Begin PBXResourcesBuildPhase section */
		84B1B1642C82EF560051CB1D /* Resources */ = {
			isa = PBXResourcesBuildPhase;
			buildActionMask = 2147483647;
			files = (
				84B1B1712C82EF570051CB1D /* Preview Assets.xcassets in Resources */,
				84B1B16E2C82EF570051CB1D /* Assets.xcassets in Resources */,
			);
			runOnlyForDeploymentPostprocessing = 0;
		};
/* End PBXResourcesBuildPhase section */

/* Begin PBXSourcesBuildPhase section */
		84B1B1622C82EF560051CB1D /* Sources */ = {
			isa = PBXSourcesBuildPhase;
			buildActionMask = 2147483647;
			files = (
				841D33092C92BD8600DC42EC /* EditProfileView.swift in Sources */,
				841D330B2C92BD9300DC42EC /* ChangePasswordView.swift in Sources */,
				84A5AD1B2C904CF5006BB3E8 /* Scrollable+Extension.swift in Sources */,
				84A5AD2A2C9064D8006BB3E8 /* EditTaskView.swift in Sources */,
				84A5AD192C904CC6006BB3E8 /* ScrollableModifiers.swift in Sources */,
				84A5AD142C904C51006BB3E8 /* YSecureField.swift in Sources */,
				84A5AD022C900B46006BB3E8 /* ActivitiesModel.swift in Sources */,
				84A5AD0F2C904A78006BB3E8 /* LoginView.swift in Sources */,
				84A5AD0A2C901982006BB3E8 /* SegmentModel.swift in Sources */,
				841D33142C944C3F00DC42EC /* LoginViewModel.swift in Sources */,
				84A5AD052C900CF4006BB3E8 /* Color+Extension.swift in Sources */,
				84A5AD1F2C905E37006BB3E8 /* SlideMenuOptionModel.swift in Sources */,
				84B1B16C2C82EF560051CB1D /* MainView.swift in Sources */,
				84A5AD122C904BCA006BB3E8 /* YTextField.swift in Sources */,
				841D33102C94499000DC42EC /* LoginBody.swift in Sources */,
				841D330E2C94486B00DC42EC /* LoginService.swift in Sources */,
				84A5AD262C905ECD006BB3E8 /* SlideMenuRawValue.swift in Sources */,
				84A5AD2C2C9064E7006BB3E8 /* ProfileView.swift in Sources */,
				84A5AD082C9016C1006BB3E8 /* String+Extension.swift in Sources */,
				84A5AD212C905E68006BB3E8 /* ContentView.swift in Sources */,
				84B1B16A2C82EF560051CB1D /* PieChartApp.swift in Sources */,
				84A5AD1D2C905407006BB3E8 /* SignupView.swift in Sources */,
				84A5AD282C90649C006BB3E8 /* CreateTaskView.swift in Sources */,
				84A5AD162C904C75006BB3E8 /* SubmitButton.swift in Sources */,
				84A5AD242C905EB2006BB3E8 /* SlideMenuView.swift in Sources */,
				841D33162C9805DD00DC42EC /* SignupBody.swift in Sources */,
			);
			runOnlyForDeploymentPostprocessing = 0;
		};
/* End PBXSourcesBuildPhase section */

/* Begin XCBuildConfiguration section */
		84B1B1722C82EF570051CB1D /* Debug */ = {
			isa = XCBuildConfiguration;
			buildSettings = {
				ALWAYS_SEARCH_USER_PATHS = NO;
				ASSETCATALOG_COMPILER_GENERATE_SWIFT_ASSET_SYMBOL_EXTENSIONS = YES;
				CLANG_ANALYZER_NONNULL = YES;
				CLANG_ANALYZER_NUMBER_OBJECT_CONVERSION = YES_AGGRESSIVE;
				CLANG_CXX_LANGUAGE_STANDARD = "gnu++20";
				CLANG_ENABLE_MODULES = YES;
				CLANG_ENABLE_OBJC_ARC = YES;
				CLANG_ENABLE_OBJC_WEAK = YES;
				CLANG_WARN_BLOCK_CAPTURE_AUTORELEASING = YES;
				CLANG_WARN_BOOL_CONVERSION = YES;
				CLANG_WARN_COMMA = YES;
				CLANG_WARN_CONSTANT_CONVERSION = YES;
				CLANG_WARN_DEPRECATED_OBJC_IMPLEMENTATIONS = YES;
				CLANG_WARN_DIRECT_OBJC_ISA_USAGE = YES_ERROR;
				CLANG_WARN_DOCUMENTATION_COMMENTS = YES;
				CLANG_WARN_EMPTY_BODY = YES;
				CLANG_WARN_ENUM_CONVERSION = YES;
				CLANG_WARN_INFINITE_RECURSION = YES;
				CLANG_WARN_INT_CONVERSION = YES;
				CLANG_WARN_NON_LITERAL_NULL_CONVERSION = YES;
				CLANG_WARN_OBJC_IMPLICIT_RETAIN_SELF = YES;
				CLANG_WARN_OBJC_LITERAL_CONVERSION = YES;
				CLANG_WARN_OBJC_ROOT_CLASS = YES_ERROR;
				CLANG_WARN_QUOTED_INCLUDE_IN_FRAMEWORK_HEADER = YES;
				CLANG_WARN_RANGE_LOOP_ANALYSIS = YES;
				CLANG_WARN_STRICT_PROTOTYPES = YES;
				CLANG_WARN_SUSPICIOUS_MOVE = YES;
				CLANG_WARN_UNGUARDED_AVAILABILITY = YES_AGGRESSIVE;
				CLANG_WARN_UNREACHABLE_CODE = YES;
				CLANG_WARN__DUPLICATE_METHOD_MATCH = YES;
				COPY_PHASE_STRIP = NO;
				DEBUG_INFORMATION_FORMAT = dwarf;
				ENABLE_STRICT_OBJC_MSGSEND = YES;
				ENABLE_TESTABILITY = YES;
				ENABLE_USER_SCRIPT_SANDBOXING = YES;
				GCC_C_LANGUAGE_STANDARD = gnu17;
				GCC_DYNAMIC_NO_PIC = NO;
				GCC_NO_COMMON_BLOCKS = YES;
				GCC_OPTIMIZATION_LEVEL = 0;
				GCC_PREPROCESSOR_DEFINITIONS = (
					"DEBUG=1",
					"$(inherited)",
				);
				GCC_WARN_64_TO_32_BIT_CONVERSION = YES;
				GCC_WARN_ABOUT_RETURN_TYPE = YES_ERROR;
				GCC_WARN_UNDECLARED_SELECTOR = YES;
				GCC_WARN_UNINITIALIZED_AUTOS = YES_AGGRESSIVE;
				GCC_WARN_UNUSED_FUNCTION = YES;
				GCC_WARN_UNUSED_VARIABLE = YES;
				IPHONEOS_DEPLOYMENT_TARGET = 17.5;
				LOCALIZATION_PREFERS_STRING_CATALOGS = YES;
				MTL_ENABLE_DEBUG_INFO = INCLUDE_SOURCE;
				MTL_FAST_MATH = YES;
				ONLY_ACTIVE_ARCH = YES;
				SDKROOT = iphoneos;
				SWIFT_ACTIVE_COMPILATION_CONDITIONS = "DEBUG $(inherited)";
				SWIFT_OPTIMIZATION_LEVEL = "-Onone";
			};
			name = Debug;
		};
		84B1B1732C82EF570051CB1D /* Release */ = {
			isa = XCBuildConfiguration;
			buildSettings = {
				ALWAYS_SEARCH_USER_PATHS = NO;
				ASSETCATALOG_COMPILER_GENERATE_SWIFT_ASSET_SYMBOL_EXTENSIONS = YES;
				CLANG_ANALYZER_NONNULL = YES;
				CLANG_ANALYZER_NUMBER_OBJECT_CONVERSION = YES_AGGRESSIVE;
				CLANG_CXX_LANGUAGE_STANDARD = "gnu++20";
				CLANG_ENABLE_MODULES = YES;
				CLANG_ENABLE_OBJC_ARC = YES;
				CLANG_ENABLE_OBJC_WEAK = YES;
				CLANG_WARN_BLOCK_CAPTURE_AUTORELEASING = YES;
				CLANG_WARN_BOOL_CONVERSION = YES;
				CLANG_WARN_COMMA = YES;
				CLANG_WARN_CONSTANT_CONVERSION = YES;
				CLANG_WARN_DEPRECATED_OBJC_IMPLEMENTATIONS = YES;
				CLANG_WARN_DIRECT_OBJC_ISA_USAGE = YES_ERROR;
				CLANG_WARN_DOCUMENTATION_COMMENTS = YES;
				CLANG_WARN_EMPTY_BODY = YES;
				CLANG_WARN_ENUM_CONVERSION = YES;
				CLANG_WARN_INFINITE_RECURSION = YES;
				CLANG_WARN_INT_CONVERSION = YES;
				CLANG_WARN_NON_LITERAL_NULL_CONVERSION = YES;
				CLANG_WARN_OBJC_IMPLICIT_RETAIN_SELF = YES;
				CLANG_WARN_OBJC_LITERAL_CONVERSION = YES;
				CLANG_WARN_OBJC_ROOT_CLASS = YES_ERROR;
				CLANG_WARN_QUOTED_INCLUDE_IN_FRAMEWORK_HEADER = YES;
				CLANG_WARN_RANGE_LOOP_ANALYSIS = YES;
				CLANG_WARN_STRICT_PROTOTYPES = YES;
				CLANG_WARN_SUSPICIOUS_MOVE = YES;
				CLANG_WARN_UNGUARDED_AVAILABILITY = YES_AGGRESSIVE;
				CLANG_WARN_UNREACHABLE_CODE = YES;
				CLANG_WARN__DUPLICATE_METHOD_MATCH = YES;
				COPY_PHASE_STRIP = NO;
				DEBUG_INFORMATION_FORMAT = "dwarf-with-dsym";
				ENABLE_NS_ASSERTIONS = NO;
				ENABLE_STRICT_OBJC_MSGSEND = YES;
				ENABLE_USER_SCRIPT_SANDBOXING = YES;
				GCC_C_LANGUAGE_STANDARD = gnu17;
				GCC_NO_COMMON_BLOCKS = YES;
				GCC_WARN_64_TO_32_BIT_CONVERSION = YES;
				GCC_WARN_ABOUT_RETURN_TYPE = YES_ERROR;
				GCC_WARN_UNDECLARED_SELECTOR = YES;
				GCC_WARN_UNINITIALIZED_AUTOS = YES_AGGRESSIVE;
				GCC_WARN_UNUSED_FUNCTION = YES;
				GCC_WARN_UNUSED_VARIABLE = YES;
				IPHONEOS_DEPLOYMENT_TARGET = 17.5;
				LOCALIZATION_PREFERS_STRING_CATALOGS = YES;
				MTL_ENABLE_DEBUG_INFO = NO;
				MTL_FAST_MATH = YES;
				SDKROOT = iphoneos;
				SWIFT_COMPILATION_MODE = wholemodule;
				VALIDATE_PRODUCT = YES;
			};
			name = Release;
		};
		84B1B1752C82EF570051CB1D /* Debug */ = {
			isa = XCBuildConfiguration;
			buildSettings = {
				ASSETCATALOG_COMPILER_APPICON_NAME = AppIcon;
				ASSETCATALOG_COMPILER_GLOBAL_ACCENT_COLOR_NAME = AccentColor;
				CODE_SIGN_STYLE = Automatic;
				CURRENT_PROJECT_VERSION = 1;
				DEVELOPMENT_ASSET_PATHS = "\"PieChart/Preview Content\"";
				DEVELOPMENT_TEAM = 9555ARGGFJ;
				ENABLE_PREVIEWS = YES;
				GENERATE_INFOPLIST_FILE = YES;
				INFOPLIST_KEY_UIApplicationSceneManifest_Generation = YES;
				INFOPLIST_KEY_UIApplicationSupportsIndirectInputEvents = YES;
				INFOPLIST_KEY_UILaunchScreen_Generation = YES;
				INFOPLIST_KEY_UISupportedInterfaceOrientations_iPad = "UIInterfaceOrientationPortrait UIInterfaceOrientationPortraitUpsideDown UIInterfaceOrientationLandscapeLeft UIInterfaceOrientationLandscapeRight";
				INFOPLIST_KEY_UISupportedInterfaceOrientations_iPhone = "UIInterfaceOrientationPortrait UIInterfaceOrientationLandscapeLeft UIInterfaceOrientationLandscapeRight";
				LD_RUNPATH_SEARCH_PATHS = (
					"$(inherited)",
					"@executable_path/Frameworks",
				);
				MARKETING_VERSION = 1.0;
				PRODUCT_BUNDLE_IDENTIFIER = Sardorbek.PieChart;
				PRODUCT_NAME = "$(TARGET_NAME)";
				SWIFT_EMIT_LOC_STRINGS = YES;
				SWIFT_VERSION = 5.0;
				TARGETED_DEVICE_FAMILY = "1,2";
			};
			name = Debug;
		};
		84B1B1762C82EF570051CB1D /* Release */ = {
			isa = XCBuildConfiguration;
			buildSettings = {
				ASSETCATALOG_COMPILER_APPICON_NAME = AppIcon;
				ASSETCATALOG_COMPILER_GLOBAL_ACCENT_COLOR_NAME = AccentColor;
				CODE_SIGN_STYLE = Automatic;
				CURRENT_PROJECT_VERSION = 1;
				DEVELOPMENT_ASSET_PATHS = "\"PieChart/Preview Content\"";
				DEVELOPMENT_TEAM = 9555ARGGFJ;
				ENABLE_PREVIEWS = YES;
				GENERATE_INFOPLIST_FILE = YES;
				INFOPLIST_KEY_UIApplicationSceneManifest_Generation = YES;
				INFOPLIST_KEY_UIApplicationSupportsIndirectInputEvents = YES;
				INFOPLIST_KEY_UILaunchScreen_Generation = YES;
				INFOPLIST_KEY_UISupportedInterfaceOrientations_iPad = "UIInterfaceOrientationPortrait UIInterfaceOrientationPortraitUpsideDown UIInterfaceOrientationLandscapeLeft UIInterfaceOrientationLandscapeRight";
				INFOPLIST_KEY_UISupportedInterfaceOrientations_iPhone = "UIInterfaceOrientationPortrait UIInterfaceOrientationLandscapeLeft UIInterfaceOrientationLandscapeRight";
				LD_RUNPATH_SEARCH_PATHS = (
					"$(inherited)",
					"@executable_path/Frameworks",
				);
				MARKETING_VERSION = 1.0;
				PRODUCT_BUNDLE_IDENTIFIER = Sardorbek.PieChart;
				PRODUCT_NAME = "$(TARGET_NAME)";
				SWIFT_EMIT_LOC_STRINGS = YES;
				SWIFT_VERSION = 5.0;
				TARGETED_DEVICE_FAMILY = "1,2";
			};
			name = Release;
		};
/* End XCBuildConfiguration section */

/* Begin XCConfigurationList section */
		84B1B1612C82EF560051CB1D /* Build configuration list for PBXProject "PieChart" */ = {
			isa = XCConfigurationList;
			buildConfigurations = (
				84B1B1722C82EF570051CB1D /* Debug */,
				84B1B1732C82EF570051CB1D /* Release */,
			);
			defaultConfigurationIsVisible = 0;
			defaultConfigurationName = Release;
		};
		84B1B1742C82EF570051CB1D /* Build configuration list for PBXNativeTarget "PieChart" */ = {
			isa = XCConfigurationList;
			buildConfigurations = (
				84B1B1752C82EF570051CB1D /* Debug */,
				84B1B1762C82EF570051CB1D /* Release */,
			);
			defaultConfigurationIsVisible = 0;
			defaultConfigurationName = Release;
		};
/* End XCConfigurationList section */
	};
	rootObject = 84B1B15E2C82EF560051CB1D /* Project object */;
}
